
Microsoft Visual Studio Solution File, Format Version 12.00
# Visual Studio 15
VisualStudioVersion = 15.0.27428.2015
MinimumVisualStudioVersion = 10.0.40219.1
Project("{2150E333-8FDC-42A3-9474-1A3956D46DE8}") = "src", "src", "{0F9B38FC-4E57-4B83-AF0B-0993B8470823}"
EndProject
Project("{9A19103F-16F7-4668-BE54-9A1E7A4F7556}") = "XUnity.AutoTranslator.Plugin.Core", "src\XUnity.AutoTranslator.Plugin.Core\XUnity.AutoTranslator.Plugin.Core.csproj", "{718A3B1D-A5E5-4223-AD53-45C60C874150}"
EndProject
Project("{9A19103F-16F7-4668-BE54-9A1E7A4F7556}") = "XUnity.AutoTranslator.Plugin.BepIn", "src\XUnity.AutoTranslator.Plugin.BepIn\XUnity.AutoTranslator.Plugin.BepIn.csproj", "{5442ED94-2800-47A4-BBAC-C00FBA676D02}"
	ProjectSection(ProjectDependencies) = postProject
		{95C83913-8D7F-4FA1-877E-288251A2A461} = {95C83913-8D7F-4FA1-877E-288251A2A461}
		{42DEC139-7E8E-4E2E-9BC9-0B5661F444C5} = {42DEC139-7E8E-4E2E-9BC9-0B5661F444C5}
		{5D9A4F4D-D2D2-4D2B-A58A-F7529DDAF1D0} = {5D9A4F4D-D2D2-4D2B-A58A-F7529DDAF1D0}
		{DDE97F5D-E021-45C0-87B6-FAD35BC8BCFB} = {DDE97F5D-E021-45C0-87B6-FAD35BC8BCFB}
		{A74F9486-2BA0-42FF-8BBC-9F07ECFBDCE5} = {A74F9486-2BA0-42FF-8BBC-9F07ECFBDCE5}
		{AE28F88E-E877-456B-98AB-BD03A59A3E44} = {AE28F88E-E877-456B-98AB-BD03A59A3E44}
		{41B612A5-2974-4988-A82E-84EEF2212A61} = {41B612A5-2974-4988-A82E-84EEF2212A61}
		{F49BA6D1-FAFB-414C-97B1-28B77FC21286} = {F49BA6D1-FAFB-414C-97B1-28B77FC21286}
		{CEA7D2D8-C2CF-4FA3-8184-DD485160CDAC} = {CEA7D2D8-C2CF-4FA3-8184-DD485160CDAC}
		{AD0C7EF2-D394-43B5-9CCE-FA8A0A820076} = {AD0C7EF2-D394-43B5-9CCE-FA8A0A820076}
	EndProjectSection
EndProject
Project("{9A19103F-16F7-4668-BE54-9A1E7A4F7556}") = "XUnity.AutoTranslator.Plugin.IPA", "src\XUnity.AutoTranslator.Plugin.IPA\XUnity.AutoTranslator.Plugin.IPA.csproj", "{C749698C-9E49-4CC3-8B45-62AE3AD0C938}"
	ProjectSection(ProjectDependencies) = postProject
		{95C83913-8D7F-4FA1-877E-288251A2A461} = {95C83913-8D7F-4FA1-877E-288251A2A461}
		{42DEC139-7E8E-4E2E-9BC9-0B5661F444C5} = {42DEC139-7E8E-4E2E-9BC9-0B5661F444C5}
		{5D9A4F4D-D2D2-4D2B-A58A-F7529DDAF1D0} = {5D9A4F4D-D2D2-4D2B-A58A-F7529DDAF1D0}
		{DDE97F5D-E021-45C0-87B6-FAD35BC8BCFB} = {DDE97F5D-E021-45C0-87B6-FAD35BC8BCFB}
		{A74F9486-2BA0-42FF-8BBC-9F07ECFBDCE5} = {A74F9486-2BA0-42FF-8BBC-9F07ECFBDCE5}
		{AE28F88E-E877-456B-98AB-BD03A59A3E44} = {AE28F88E-E877-456B-98AB-BD03A59A3E44}
		{41B612A5-2974-4988-A82E-84EEF2212A61} = {41B612A5-2974-4988-A82E-84EEF2212A61}
		{F49BA6D1-FAFB-414C-97B1-28B77FC21286} = {F49BA6D1-FAFB-414C-97B1-28B77FC21286}
		{CEA7D2D8-C2CF-4FA3-8184-DD485160CDAC} = {CEA7D2D8-C2CF-4FA3-8184-DD485160CDAC}
		{AD0C7EF2-D394-43B5-9CCE-FA8A0A820076} = {AD0C7EF2-D394-43B5-9CCE-FA8A0A820076}
	EndProjectSection
EndProject
Project("{9A19103F-16F7-4668-BE54-9A1E7A4F7556}") = "XUnity.AutoTranslator.Patcher", "src\XUnity.AutoTranslator.Patcher\XUnity.AutoTranslator.Patcher.csproj", "{0A2A6B66-91D4-4A4E-AC77-80C6DD748FCD}"
EndProject
Project("{9A19103F-16F7-4668-BE54-9A1E7A4F7556}") = "XUnity.AutoTranslator.Setup", "src\XUnity.AutoTranslator.Setup\XUnity.AutoTranslator.Setup.csproj", "{86BF1F46-44C1-4301-8314-6EC32F74575F}"
	ProjectSection(ProjectDependencies) = postProject
		{95C83913-8D7F-4FA1-877E-288251A2A461} = {95C83913-8D7F-4FA1-877E-288251A2A461}
		{718A3B1D-A5E5-4223-AD53-45C60C874150} = {718A3B1D-A5E5-4223-AD53-45C60C874150}
		{42DEC139-7E8E-4E2E-9BC9-0B5661F444C5} = {42DEC139-7E8E-4E2E-9BC9-0B5661F444C5}
		{5D9A4F4D-D2D2-4D2B-A58A-F7529DDAF1D0} = {5D9A4F4D-D2D2-4D2B-A58A-F7529DDAF1D0}
		{DDE97F5D-E021-45C0-87B6-FAD35BC8BCFB} = {DDE97F5D-E021-45C0-87B6-FAD35BC8BCFB}
		{0A2A6B66-91D4-4A4E-AC77-80C6DD748FCD} = {0A2A6B66-91D4-4A4E-AC77-80C6DD748FCD}
		{A74F9486-2BA0-42FF-8BBC-9F07ECFBDCE5} = {A74F9486-2BA0-42FF-8BBC-9F07ECFBDCE5}
		{AE28F88E-E877-456B-98AB-BD03A59A3E44} = {AE28F88E-E877-456B-98AB-BD03A59A3E44}
		{41B612A5-2974-4988-A82E-84EEF2212A61} = {41B612A5-2974-4988-A82E-84EEF2212A61}
		{F49BA6D1-FAFB-414C-97B1-28B77FC21286} = {F49BA6D1-FAFB-414C-97B1-28B77FC21286}
		{CEA7D2D8-C2CF-4FA3-8184-DD485160CDAC} = {CEA7D2D8-C2CF-4FA3-8184-DD485160CDAC}
		{AD0C7EF2-D394-43B5-9CCE-FA8A0A820076} = {AD0C7EF2-D394-43B5-9CCE-FA8A0A820076}
	EndProjectSection
EndProject
Project("{9A19103F-16F7-4668-BE54-9A1E7A4F7556}") = "XUnity.AutoTranslator.Plugin.UnityInjector", "src\XUnity.AutoTranslator.Plugin.UnityInjector\XUnity.AutoTranslator.Plugin.UnityInjector.csproj", "{12F1D16B-B8E1-4A9D-B65A-044650F15440}"
	ProjectSection(ProjectDependencies) = postProject
		{95C83913-8D7F-4FA1-877E-288251A2A461} = {95C83913-8D7F-4FA1-877E-288251A2A461}
		{42DEC139-7E8E-4E2E-9BC9-0B5661F444C5} = {42DEC139-7E8E-4E2E-9BC9-0B5661F444C5}
		{5D9A4F4D-D2D2-4D2B-A58A-F7529DDAF1D0} = {5D9A4F4D-D2D2-4D2B-A58A-F7529DDAF1D0}
		{DDE97F5D-E021-45C0-87B6-FAD35BC8BCFB} = {DDE97F5D-E021-45C0-87B6-FAD35BC8BCFB}
		{A74F9486-2BA0-42FF-8BBC-9F07ECFBDCE5} = {A74F9486-2BA0-42FF-8BBC-9F07ECFBDCE5}
		{AE28F88E-E877-456B-98AB-BD03A59A3E44} = {AE28F88E-E877-456B-98AB-BD03A59A3E44}
		{41B612A5-2974-4988-A82E-84EEF2212A61} = {41B612A5-2974-4988-A82E-84EEF2212A61}
		{F49BA6D1-FAFB-414C-97B1-28B77FC21286} = {F49BA6D1-FAFB-414C-97B1-28B77FC21286}
		{CEA7D2D8-C2CF-4FA3-8184-DD485160CDAC} = {CEA7D2D8-C2CF-4FA3-8184-DD485160CDAC}
		{AD0C7EF2-D394-43B5-9CCE-FA8A0A820076} = {AD0C7EF2-D394-43B5-9CCE-FA8A0A820076}
	EndProjectSection
EndProject
Project("{2150E333-8FDC-42A3-9474-1A3956D46DE8}") = "Solution Items", "Solution Items", "{ACADAE2C-1642-428A-84D4-CC53E24F1348}"
	ProjectSection(SolutionItems) = preProject
		.editorconfig = .editorconfig
	EndProjectSection
EndProject
Project("{2150E333-8FDC-42A3-9474-1A3956D46DE8}") = "Translators", "Translators", "{7A01BA34-3B96-4910-AC70-462BA59417CB}"
EndProject
Project("{9A19103F-16F7-4668-BE54-9A1E7A4F7556}") = "XUnity.AutoTranslator.Plugin.DummyTranslator", "src\Translators\XUnity.AutoTranslator.Plugin.DummyTranslator\XUnity.AutoTranslator.Plugin.DummyTranslator.csproj", "{7493BA4A-C688-4103-B161-7E578FBB6C0E}"
EndProject
Project("{9A19103F-16F7-4668-BE54-9A1E7A4F7556}") = "XUnity.AutoTranslator.Plugin.GoogleTranslate", "src\Translators\XUnity.AutoTranslator.Plugin.GoogleTranslate\XUnity.AutoTranslator.Plugin.GoogleTranslate.csproj", "{5D9A4F4D-D2D2-4D2B-A58A-F7529DDAF1D0}"
EndProject
Project("{9A19103F-16F7-4668-BE54-9A1E7A4F7556}") = "XUnity.AutoTranslator.Plugin.BingTranslate", "src\Translators\XUnity.AutoTranslator.Plugin.BingTranslate\XUnity.AutoTranslator.Plugin.BingTranslate.csproj", "{95C83913-8D7F-4FA1-877E-288251A2A461}"
EndProject
Project("{9A19103F-16F7-4668-BE54-9A1E7A4F7556}") = "XUnity.AutoTranslator.Plugin.BaiduTranslate", "src\Translators\XUnity.AutoTranslator.Plugin.BaiduTranslate\XUnity.AutoTranslator.Plugin.BaiduTranslate.csproj", "{DDE97F5D-E021-45C0-87B6-FAD35BC8BCFB}"
EndProject
Project("{9A19103F-16F7-4668-BE54-9A1E7A4F7556}") = "XUnity.AutoTranslator.Plugin.BingTranslateLegitimate", "src\Translators\XUnity.AutoTranslator.Plugin.BingTranslateLegitimate\XUnity.AutoTranslator.Plugin.BingTranslateLegitimate.csproj", "{F49BA6D1-FAFB-414C-97B1-28B77FC21286}"
EndProject
Project("{9A19103F-16F7-4668-BE54-9A1E7A4F7556}") = "XUnity.AutoTranslator.Plugin.CustomTranslate", "src\Translators\XUnity.AutoTranslator.Plugin.CustomTranslate\XUnity.AutoTranslator.Plugin.CustomTranslate.csproj", "{CEA7D2D8-C2CF-4FA3-8184-DD485160CDAC}"
EndProject
Project("{9A19103F-16F7-4668-BE54-9A1E7A4F7556}") = "XUnity.AutoTranslator.Plugin.YandexTranslate", "src\Translators\XUnity.AutoTranslator.Plugin.YandexTranslate\XUnity.AutoTranslator.Plugin.YandexTranslate.csproj", "{42DEC139-7E8E-4E2E-9BC9-0B5661F444C5}"
EndProject
Project("{9A19103F-16F7-4668-BE54-9A1E7A4F7556}") = "XUnity.AutoTranslator.Plugin.WatsonTranslate", "src\Translators\XUnity.AutoTranslator.Plugin.WatsonTranslate\XUnity.AutoTranslator.Plugin.WatsonTranslate.csproj", "{A74F9486-2BA0-42FF-8BBC-9F07ECFBDCE5}"
EndProject
Project("{9A19103F-16F7-4668-BE54-9A1E7A4F7556}") = "XUnity.AutoTranslator.Plugin.LecPowerTranslator15", "src\Translators\XUnity.AutoTranslator.Plugin.LecPowerTranslator15\XUnity.AutoTranslator.Plugin.LecPowerTranslator15.csproj", "{AE28F88E-E877-456B-98AB-BD03A59A3E44}"
EndProject
Project("{9A19103F-16F7-4668-BE54-9A1E7A4F7556}") = "XUnity.AutoTranslator.Plugin.Lec", "src\Translators\XUnity.AutoTranslator.Plugin.Lec\XUnity.AutoTranslator.Plugin.Lec.csproj", "{AD0C7EF2-D394-43B5-9CCE-FA8A0A820076}"
EndProject
Project("{9A19103F-16F7-4668-BE54-9A1E7A4F7556}") = "XUnity.AutoTranslator.Plugin.GoogleTranslateLegitimate", "src\Translators\XUnity.AutoTranslator.Plugin.GoogleTranslateLegitimate\XUnity.AutoTranslator.Plugin.GoogleTranslateLegitimate.csproj", "{41B612A5-2974-4988-A82E-84EEF2212A61}"
EndProject
Project("{FAE04EC0-301F-11D3-BF4B-00C04F79EFBC}") = "XUnity.AutoTranslator.Plugin.ExtProtocol", "XUnity.AutoTranslator.Plugin.ExtProtocol\XUnity.AutoTranslator.Plugin.ExtProtocol.csproj", "{65500234-7AD4-48B8-B51B-945ADBFF1133}"
EndProject
Global
	GlobalSection(SolutionConfigurationPlatforms) = preSolution
		Debug|Any CPU = Debug|Any CPU
		Release|Any CPU = Release|Any CPU
	EndGlobalSection
	GlobalSection(ProjectConfigurationPlatforms) = postSolution
		{718A3B1D-A5E5-4223-AD53-45C60C874150}.Debug|Any CPU.ActiveCfg = Debug|Any CPU
		{718A3B1D-A5E5-4223-AD53-45C60C874150}.Debug|Any CPU.Build.0 = Debug|Any CPU
		{718A3B1D-A5E5-4223-AD53-45C60C874150}.Release|Any CPU.ActiveCfg = Release|Any CPU
		{718A3B1D-A5E5-4223-AD53-45C60C874150}.Release|Any CPU.Build.0 = Release|Any CPU
		{5442ED94-2800-47A4-BBAC-C00FBA676D02}.Debug|Any CPU.ActiveCfg = Debug|Any CPU
		{5442ED94-2800-47A4-BBAC-C00FBA676D02}.Debug|Any CPU.Build.0 = Debug|Any CPU
		{5442ED94-2800-47A4-BBAC-C00FBA676D02}.Release|Any CPU.ActiveCfg = Release|Any CPU
		{5442ED94-2800-47A4-BBAC-C00FBA676D02}.Release|Any CPU.Build.0 = Release|Any CPU
		{C749698C-9E49-4CC3-8B45-62AE3AD0C938}.Debug|Any CPU.ActiveCfg = Debug|Any CPU
		{C749698C-9E49-4CC3-8B45-62AE3AD0C938}.Debug|Any CPU.Build.0 = Debug|Any CPU
		{C749698C-9E49-4CC3-8B45-62AE3AD0C938}.Release|Any CPU.ActiveCfg = Release|Any CPU
		{C749698C-9E49-4CC3-8B45-62AE3AD0C938}.Release|Any CPU.Build.0 = Release|Any CPU
		{0A2A6B66-91D4-4A4E-AC77-80C6DD748FCD}.Debug|Any CPU.ActiveCfg = Debug|Any CPU
		{0A2A6B66-91D4-4A4E-AC77-80C6DD748FCD}.Debug|Any CPU.Build.0 = Debug|Any CPU
		{0A2A6B66-91D4-4A4E-AC77-80C6DD748FCD}.Release|Any CPU.ActiveCfg = Release|Any CPU
		{0A2A6B66-91D4-4A4E-AC77-80C6DD748FCD}.Release|Any CPU.Build.0 = Release|Any CPU
		{86BF1F46-44C1-4301-8314-6EC32F74575F}.Debug|Any CPU.ActiveCfg = Debug|Any CPU
		{86BF1F46-44C1-4301-8314-6EC32F74575F}.Debug|Any CPU.Build.0 = Debug|Any CPU
		{86BF1F46-44C1-4301-8314-6EC32F74575F}.Release|Any CPU.ActiveCfg = Release|Any CPU
		{86BF1F46-44C1-4301-8314-6EC32F74575F}.Release|Any CPU.Build.0 = Release|Any CPU
		{12F1D16B-B8E1-4A9D-B65A-044650F15440}.Debug|Any CPU.ActiveCfg = Debug|Any CPU
		{12F1D16B-B8E1-4A9D-B65A-044650F15440}.Debug|Any CPU.Build.0 = Debug|Any CPU
		{12F1D16B-B8E1-4A9D-B65A-044650F15440}.Release|Any CPU.ActiveCfg = Release|Any CPU
		{12F1D16B-B8E1-4A9D-B65A-044650F15440}.Release|Any CPU.Build.0 = Release|Any CPU
		{7493BA4A-C688-4103-B161-7E578FBB6C0E}.Debug|Any CPU.ActiveCfg = Debug|Any CPU
		{7493BA4A-C688-4103-B161-7E578FBB6C0E}.Debug|Any CPU.Build.0 = Debug|Any CPU
		{7493BA4A-C688-4103-B161-7E578FBB6C0E}.Release|Any CPU.ActiveCfg = Release|Any CPU
		{7493BA4A-C688-4103-B161-7E578FBB6C0E}.Release|Any CPU.Build.0 = Release|Any CPU
		{5D9A4F4D-D2D2-4D2B-A58A-F7529DDAF1D0}.Debug|Any CPU.ActiveCfg = Debug|Any CPU
		{5D9A4F4D-D2D2-4D2B-A58A-F7529DDAF1D0}.Debug|Any CPU.Build.0 = Debug|Any CPU
		{5D9A4F4D-D2D2-4D2B-A58A-F7529DDAF1D0}.Release|Any CPU.ActiveCfg = Release|Any CPU
		{5D9A4F4D-D2D2-4D2B-A58A-F7529DDAF1D0}.Release|Any CPU.Build.0 = Release|Any CPU
		{95C83913-8D7F-4FA1-877E-288251A2A461}.Debug|Any CPU.ActiveCfg = Debug|Any CPU
		{95C83913-8D7F-4FA1-877E-288251A2A461}.Debug|Any CPU.Build.0 = Debug|Any CPU
		{95C83913-8D7F-4FA1-877E-288251A2A461}.Release|Any CPU.ActiveCfg = Release|Any CPU
		{95C83913-8D7F-4FA1-877E-288251A2A461}.Release|Any CPU.Build.0 = Release|Any CPU
		{DDE97F5D-E021-45C0-87B6-FAD35BC8BCFB}.Debug|Any CPU.ActiveCfg = Debug|Any CPU
		{DDE97F5D-E021-45C0-87B6-FAD35BC8BCFB}.Debug|Any CPU.Build.0 = Debug|Any CPU
		{DDE97F5D-E021-45C0-87B6-FAD35BC8BCFB}.Release|Any CPU.ActiveCfg = Release|Any CPU
		{DDE97F5D-E021-45C0-87B6-FAD35BC8BCFB}.Release|Any CPU.Build.0 = Release|Any CPU
		{F49BA6D1-FAFB-414C-97B1-28B77FC21286}.Debug|Any CPU.ActiveCfg = Debug|Any CPU
		{F49BA6D1-FAFB-414C-97B1-28B77FC21286}.Debug|Any CPU.Build.0 = Debug|Any CPU
		{F49BA6D1-FAFB-414C-97B1-28B77FC21286}.Release|Any CPU.ActiveCfg = Release|Any CPU
		{F49BA6D1-FAFB-414C-97B1-28B77FC21286}.Release|Any CPU.Build.0 = Release|Any CPU
		{CEA7D2D8-C2CF-4FA3-8184-DD485160CDAC}.Debug|Any CPU.ActiveCfg = Debug|Any CPU
		{CEA7D2D8-C2CF-4FA3-8184-DD485160CDAC}.Debug|Any CPU.Build.0 = Debug|Any CPU
		{CEA7D2D8-C2CF-4FA3-8184-DD485160CDAC}.Release|Any CPU.ActiveCfg = Release|Any CPU
		{CEA7D2D8-C2CF-4FA3-8184-DD485160CDAC}.Release|Any CPU.Build.0 = Release|Any CPU
		{42DEC139-7E8E-4E2E-9BC9-0B5661F444C5}.Debug|Any CPU.ActiveCfg = Debug|Any CPU
		{42DEC139-7E8E-4E2E-9BC9-0B5661F444C5}.Debug|Any CPU.Build.0 = Debug|Any CPU
		{42DEC139-7E8E-4E2E-9BC9-0B5661F444C5}.Release|Any CPU.ActiveCfg = Release|Any CPU
		{42DEC139-7E8E-4E2E-9BC9-0B5661F444C5}.Release|Any CPU.Build.0 = Release|Any CPU
		{A74F9486-2BA0-42FF-8BBC-9F07ECFBDCE5}.Debug|Any CPU.ActiveCfg = Debug|Any CPU
		{A74F9486-2BA0-42FF-8BBC-9F07ECFBDCE5}.Debug|Any CPU.Build.0 = Debug|Any CPU
		{A74F9486-2BA0-42FF-8BBC-9F07ECFBDCE5}.Release|Any CPU.ActiveCfg = Release|Any CPU
		{A74F9486-2BA0-42FF-8BBC-9F07ECFBDCE5}.Release|Any CPU.Build.0 = Release|Any CPU
		{AE28F88E-E877-456B-98AB-BD03A59A3E44}.Debug|Any CPU.ActiveCfg = Debug|Any CPU
		{AE28F88E-E877-456B-98AB-BD03A59A3E44}.Debug|Any CPU.Build.0 = Debug|Any CPU
		{AE28F88E-E877-456B-98AB-BD03A59A3E44}.Release|Any CPU.ActiveCfg = Release|Any CPU
		{AE28F88E-E877-456B-98AB-BD03A59A3E44}.Release|Any CPU.Build.0 = Release|Any CPU
		{AD0C7EF2-D394-43B5-9CCE-FA8A0A820076}.Debug|Any CPU.ActiveCfg = Debug|Any CPU
		{AD0C7EF2-D394-43B5-9CCE-FA8A0A820076}.Debug|Any CPU.Build.0 = Debug|Any CPU
		{AD0C7EF2-D394-43B5-9CCE-FA8A0A820076}.Release|Any CPU.ActiveCfg = Release|x86
		{AD0C7EF2-D394-43B5-9CCE-FA8A0A820076}.Release|Any CPU.Build.0 = Release|x86
		{41B612A5-2974-4988-A82E-84EEF2212A61}.Debug|Any CPU.ActiveCfg = Debug|Any CPU
		{41B612A5-2974-4988-A82E-84EEF2212A61}.Debug|Any CPU.Build.0 = Debug|Any CPU
		{41B612A5-2974-4988-A82E-84EEF2212A61}.Release|Any CPU.ActiveCfg = Release|Any CPU
		{41B612A5-2974-4988-A82E-84EEF2212A61}.Release|Any CPU.Build.0 = Release|Any CPU
		{65500234-7AD4-48B8-B51B-945ADBFF1133}.Debug|Any CPU.ActiveCfg = Debug|Any CPU
		{65500234-7AD4-48B8-B51B-945ADBFF1133}.Debug|Any CPU.Build.0 = Debug|Any CPU
		{65500234-7AD4-48B8-B51B-945ADBFF1133}.Release|Any CPU.ActiveCfg = Release|Any CPU
		{65500234-7AD4-48B8-B51B-945ADBFF1133}.Release|Any CPU.Build.0 = Release|Any CPU
	EndGlobalSection
	GlobalSection(SolutionProperties) = preSolution
		HideSolutionNode = FALSE
	EndGlobalSection
	GlobalSection(NestedProjects) = preSolution
		{718A3B1D-A5E5-4223-AD53-45C60C874150} = {0F9B38FC-4E57-4B83-AF0B-0993B8470823}
		{5442ED94-2800-47A4-BBAC-C00FBA676D02} = {0F9B38FC-4E57-4B83-AF0B-0993B8470823}
		{C749698C-9E49-4CC3-8B45-62AE3AD0C938} = {0F9B38FC-4E57-4B83-AF0B-0993B8470823}
		{0A2A6B66-91D4-4A4E-AC77-80C6DD748FCD} = {0F9B38FC-4E57-4B83-AF0B-0993B8470823}
		{86BF1F46-44C1-4301-8314-6EC32F74575F} = {0F9B38FC-4E57-4B83-AF0B-0993B8470823}
		{12F1D16B-B8E1-4A9D-B65A-044650F15440} = {0F9B38FC-4E57-4B83-AF0B-0993B8470823}
		{7A01BA34-3B96-4910-AC70-462BA59417CB} = {0F9B38FC-4E57-4B83-AF0B-0993B8470823}
		{7493BA4A-C688-4103-B161-7E578FBB6C0E} = {7A01BA34-3B96-4910-AC70-462BA59417CB}
		{5D9A4F4D-D2D2-4D2B-A58A-F7529DDAF1D0} = {7A01BA34-3B96-4910-AC70-462BA59417CB}
		{95C83913-8D7F-4FA1-877E-288251A2A461} = {7A01BA34-3B96-4910-AC70-462BA59417CB}
		{DDE97F5D-E021-45C0-87B6-FAD35BC8BCFB} = {7A01BA34-3B96-4910-AC70-462BA59417CB}
		{F49BA6D1-FAFB-414C-97B1-28B77FC21286} = {7A01BA34-3B96-4910-AC70-462BA59417CB}
		{CEA7D2D8-C2CF-4FA3-8184-DD485160CDAC} = {7A01BA34-3B96-4910-AC70-462BA59417CB}
		{42DEC139-7E8E-4E2E-9BC9-0B5661F444C5} = {7A01BA34-3B96-4910-AC70-462BA59417CB}
		{A74F9486-2BA0-42FF-8BBC-9F07ECFBDCE5} = {7A01BA34-3B96-4910-AC70-462BA59417CB}
		{AE28F88E-E877-456B-98AB-BD03A59A3E44} = {7A01BA34-3B96-4910-AC70-462BA59417CB}
		{AD0C7EF2-D394-43B5-9CCE-FA8A0A820076} = {7A01BA34-3B96-4910-AC70-462BA59417CB}
		{41B612A5-2974-4988-A82E-84EEF2212A61} = {7A01BA34-3B96-4910-AC70-462BA59417CB}
		{65500234-7AD4-48B8-B51B-945ADBFF1133} = {0F9B38FC-4E57-4B83-AF0B-0993B8470823}
	EndGlobalSection
	GlobalSection(ExtensibilityGlobals) = postSolution
		SolutionGuid = {EE803FED-4447-4D19-B3D6-88C56E8DFCCA}
	EndGlobalSection
EndGlobal
